
Microsoft Visual Studio Solution File, Format Version 12.00
# Visual Studio Version 17
VisualStudioVersion = 17.14.36327.8 d17.14
MinimumVisualStudioVersion = 10.0.40219.1
Project("{FAE04EC0-301F-11D3-BF4B-00C04F79EFBC}") = "CHIP8Interpreter", "CHIP8Interpreter\CHIP8Interpreter.csproj", "{3D94C70B-4CE7-47B2-AA59-510F5A0C0A8B}"
EndProject
Global
	GlobalSection(SolutionConfigurationPlatforms) = preSolution
		Debug|Any CPU = Debug|Any CPU
		Release|Any CPU = Release|Any CPU
	EndGlobalSection
	GlobalSection(ProjectConfigurationPlatforms) = postSolution
		{3D94C70B-4CE7-47B2-AA59-510F5A0C0A8B}.Debug|Any CPU.ActiveCfg = Debug|Any CPU
		{3D94C70B-4CE7-47B2-AA59-510F5A0C0A8B}.Debug|Any CPU.Build.0 = Debug|Any CPU
		{3D94C70B-4CE7-47B2-AA59-510F5A0C0A8B}.Release|Any CPU.ActiveCfg = Release|Any CPU
		{3D94C70B-4CE7-47B2-AA59-510F5A0C0A8B}.Release|Any CPU.Build.0 = Release|Any CPU
	EndGlobalSection
	GlobalSection(SolutionProperties) = preSolution
		HideSolutionNode = FALSE
	EndGlobalSection
	GlobalSection(ExtensibilityGlobals) = postSolution
		SolutionGuid = {15193241-73A1-4E42-B021-7A07463548E4}
	EndGlobalSection
EndGlobal
